// !$*UTF8*$!
{
	archiveVersion = 1;
	classes = {
	};
	objectVersion = 46;
	objects = {

/* Begin PBXBuildFile section */
		387C4C6F1ADAFBF700D94D7F /* AudioToolbox.framework in Frameworks */ = {isa = PBXBuildFile; fileRef = 387C4C6E1ADAFBF700D94D7F /* AudioToolbox.framework */; settings = {ATTRIBUTES = (Weak, ); }; };
		38867D6F1ACC718A00A5C148 /* main.m in Sources */ = {isa = PBXBuildFile; fileRef = 38867D6E1ACC718A00A5C148 /* main.m */; };
		38867D721ACC718A00A5C148 /* AppDelegate.m in Sources */ = {isa = PBXBuildFile; fileRef = 38867D711ACC718A00A5C148 /* AppDelegate.m */; };
		38867D781ACC718A00A5C148 /* Main.storyboard in Resources */ = {isa = PBXBuildFile; fileRef = 38867D761ACC718A00A5C148 /* Main.storyboard */; };
		38867D7A1ACC718A00A5C148 /* Images.xcassets in Resources */ = {isa = PBXBuildFile; fileRef = 38867D791ACC718A00A5C148 /* Images.xcassets */; };
		38867D7D1ACC718A00A5C148 /* LaunchScreen.xib in Resources */ = {isa = PBXBuildFile; fileRef = 38867D7B1ACC718A00A5C148 /* LaunchScreen.xib */; };
		38867D941ACC71FD00A5C148 /* LockScreenVC.m in Sources */ = {isa = PBXBuildFile; fileRef = 38867D931ACC71FD00A5C148 /* LockScreenVC.m */; };
		38AAD6A31ADEDDCB000FDA76 /* CoreImage.framework in Frameworks */ = {isa = PBXBuildFile; fileRef = 38AAD6A21ADEDDCB000FDA76 /* CoreImage.framework */; };
		38AAD6C81ADEEFFE000FDA76 /* Bellota-Bold.otf in Resources */ = {isa = PBXBuildFile; fileRef = 38AAD6C51ADEEFFE000FDA76 /* Bellota-Bold.otf */; };
		38AAD6C91ADEEFFE000FDA76 /* Bellota-Light.otf in Resources */ = {isa = PBXBuildFile; fileRef = 38AAD6C61ADEEFFE000FDA76 /* Bellota-Light.otf */; };
		38AAD6CA1ADEEFFE000FDA76 /* Bellota-Regular.otf in Resources */ = {isa = PBXBuildFile; fileRef = 38AAD6C71ADEEFFE000FDA76 /* Bellota-Regular.otf */; };
		38D75C721AED5C6000554640 /* UIKit.framework in Frameworks */ = {isa = PBXBuildFile; fileRef = 38D75C711AED5C6000554640 /* UIKit.framework */; };
		38D75C741AED5C6500554640 /* Foundation.framework in Frameworks */ = {isa = PBXBuildFile; fileRef = 38D75C731AED5C6500554640 /* Foundation.framework */; };
		38D75C761AED60CF00554640 /* AVFoundation.framework in Frameworks */ = {isa = PBXBuildFile; fileRef = 38D75C751AED60CF00554640 /* AVFoundation.framework */; settings = {ATTRIBUTES = (Weak, ); }; };
		38D75C781AED60E500554640 /* CoreMedia.framework in Frameworks */ = {isa = PBXBuildFile; fileRef = 38D75C771AED60E500554640 /* CoreMedia.framework */; settings = {ATTRIBUTES = (Weak, ); }; };
		38D75C7A1AED60EB00554640 /* MobileCoreServices.framework in Frameworks */ = {isa = PBXBuildFile; fileRef = 38D75C791AED60EB00554640 /* MobileCoreServices.framework */; settings = {ATTRIBUTES = (Weak, ); }; };
/* End PBXBuildFile section */

/* Begin PBXFileReference section */
		387C4C6E1ADAFBF700D94D7F /* AudioToolbox.framework */ = {isa = PBXFileReference; lastKnownFileType = wrapper.framework; name = AudioToolbox.framework; path = System/Library/Frameworks/AudioToolbox.framework; sourceTree = SDKROOT; };
		38867D691ACC718A00A5C148 /* Screen Lock.app */ = {isa = PBXFileReference; explicitFileType = wrapper.application; includeInIndex = 0; path = "Screen Lock.app"; sourceTree = BUILT_PRODUCTS_DIR; };
		38867D6D1ACC718A00A5C148 /* Info.plist */ = {isa = PBXFileReference; lastKnownFileType = text.plist.xml; path = Info.plist; sourceTree = "<group>"; };
		38867D6E1ACC718A00A5C148 /* main.m */ = {isa = PBXFileReference; lastKnownFileType = sourcecode.c.objc; path = main.m; sourceTree = "<group>"; };
		38867D701ACC718A00A5C148 /* AppDelegate.h */ = {isa = PBXFileReference; lastKnownFileType = sourcecode.c.h; path = AppDelegate.h; sourceTree = "<group>"; };
		38867D711ACC718A00A5C148 /* AppDelegate.m */ = {isa = PBXFileReference; lastKnownFileType = sourcecode.c.objc; path = AppDelegate.m; sourceTree = "<group>"; };
		38867D771ACC718A00A5C148 /* Base */ = {isa = PBXFileReference; lastKnownFileType = file.storyboard; name = Base; path = Base.lproj/Main.storyboard; sourceTree = "<group>"; };
		38867D791ACC718A00A5C148 /* Images.xcassets */ = {isa = PBXFileReference; lastKnownFileType = folder.assetcatalog; path = Images.xcassets; sourceTree = "<group>"; };
		38867D7C1ACC718A00A5C148 /* Base */ = {isa = PBXFileReference; lastKnownFileType = file.xib; name = Base; path = Base.lproj/LaunchScreen.xib; sourceTree = "<group>"; };
		38867D871ACC718A00A5C148 /* Info.plist */ = {isa = PBXFileReference; lastKnownFileType = text.plist.xml; path = Info.plist; sourceTree = "<group>"; };
		38867D881ACC718A00A5C148 /* Cards_LockTests.m */ = {isa = PBXFileReference; lastKnownFileType = sourcecode.c.objc; path = Cards_LockTests.m; sourceTree = "<group>"; };
		38867D921ACC71FD00A5C148 /* LockScreenVC.h */ = {isa = PBXFileReference; fileEncoding = 4; lastKnownFileType = sourcecode.c.h; name = LockScreenVC.h; path = VC/LockScreenVC.h; sourceTree = "<group>"; };
		38867D931ACC71FD00A5C148 /* LockScreenVC.m */ = {isa = PBXFileReference; fileEncoding = 4; lastKnownFileType = sourcecode.c.objc; name = LockScreenVC.m; path = VC/LockScreenVC.m; sourceTree = "<group>"; };
		38AAD6A21ADEDDCB000FDA76 /* CoreImage.framework */ = {isa = PBXFileReference; lastKnownFileType = wrapper.framework; name = CoreImage.framework; path = System/Library/Frameworks/CoreImage.framework; sourceTree = SDKROOT; };
		38AAD6BB1ADEE4D4000FDA76 /* Macros.h */ = {isa = PBXFileReference; lastKnownFileType = sourcecode.c.h; name = Macros.h; path = Macros/Macros.h; sourceTree = "<group>"; };
		38AAD6C51ADEEFFE000FDA76 /* Bellota-Bold.otf */ = {isa = PBXFileReference; lastKnownFileType = file; path = "Bellota-Bold.otf"; sourceTree = "<group>"; };
		38AAD6C61ADEEFFE000FDA76 /* Bellota-Light.otf */ = {isa = PBXFileReference; lastKnownFileType = file; path = "Bellota-Light.otf"; sourceTree = "<group>"; };
		38AAD6C71ADEEFFE000FDA76 /* Bellota-Regular.otf */ = {isa = PBXFileReference; lastKnownFileType = file; path = "Bellota-Regular.otf"; sourceTree = "<group>"; };
		38D75C711AED5C6000554640 /* UIKit.framework */ = {isa = PBXFileReference; lastKnownFileType = wrapper.framework; name = UIKit.framework; path = System/Library/Frameworks/UIKit.framework; sourceTree = SDKROOT; };
		38D75C731AED5C6500554640 /* Foundation.framework */ = {isa = PBXFileReference; lastKnownFileType = wrapper.framework; name = Foundation.framework; path = System/Library/Frameworks/Foundation.framework; sourceTree = SDKROOT; };
		38D75C751AED60CF00554640 /* AVFoundation.framework */ = {isa = PBXFileReference; lastKnownFileType = wrapper.framework; name = AVFoundation.framework; path = System/Library/Frameworks/AVFoundation.framework; sourceTree = SDKROOT; };
		38D75C771AED60E500554640 /* CoreMedia.framework */ = {isa = PBXFileReference; lastKnownFileType = wrapper.framework; name = CoreMedia.framework; path = System/Library/Frameworks/CoreMedia.framework; sourceTree = SDKROOT; };
		38D75C791AED60EB00554640 /* MobileCoreServices.framework */ = {isa = PBXFileReference; lastKnownFileType = wrapper.framework; name = MobileCoreServices.framework; path = System/Library/Frameworks/MobileCoreServices.framework; sourceTree = SDKROOT; };
/* End PBXFileReference section */

/* Begin PBXFrameworksBuildPhase section */
		38867D661ACC718A00A5C148 /* Frameworks */ = {
			isa = PBXFrameworksBuildPhase;
			buildActionMask = 2147483647;
			files = (
				38D75C7A1AED60EB00554640 /* MobileCoreServices.framework in Frameworks */,
				38D75C781AED60E500554640 /* CoreMedia.framework in Frameworks */,
				387C4C6F1ADAFBF700D94D7F /* AudioToolbox.framework in Frameworks */,
				38D75C761AED60CF00554640 /* AVFoundation.framework in Frameworks */,
				38D75C741AED5C6500554640 /* Foundation.framework in Frameworks */,
				38D75C721AED5C6000554640 /* UIKit.framework in Frameworks */,
				38AAD6A31ADEDDCB000FDA76 /* CoreImage.framework in Frameworks */,
			);
			runOnlyForDeploymentPostprocessing = 0;
		};
/* End PBXFrameworksBuildPhase section */

/* Begin PBXGroup section */
		38867D601ACC718A00A5C148 = {
			isa = PBXGroup;
			children = (
				38CCD22E1C44CBBE0021876A /* Frameworks */,
				38AAD6C41ADEEFFE000FDA76 /* FONTS USED */,
				38AAD6A71ADEE109000FDA76 /* Data */,
				38AAD6BE1ADEE8DC000FDA76 /* VC */,
				38CCD22F1C44D0D10021876A /* Storyboards */,
				38CCD2301C44D0EB0021876A /* Images Artwork */,
				38867D6B1ACC718A00A5C148 /* Screen Lock */,
				38867D851ACC718A00A5C148 /* Cards LockTests */,
				38867D6A1ACC718A00A5C148 /* Products */,
			);
			sourceTree = "<group>";
		};
		38867D6A1ACC718A00A5C148 /* Products */ = {
			isa = PBXGroup;
			children = (
				38867D691ACC718A00A5C148 /* Screen Lock.app */,
			);
			name = Products;
			sourceTree = "<group>";
		};
		38867D6B1ACC718A00A5C148 /* Screen Lock */ = {
			isa = PBXGroup;
			children = (
				38867D701ACC718A00A5C148 /* AppDelegate.h */,
				38867D711ACC718A00A5C148 /* AppDelegate.m */,
				38867D7B1ACC718A00A5C148 /* LaunchScreen.xib */,
				38867D6C1ACC718A00A5C148 /* Supporting Files */,
			);
			name = "Screen Lock";
			path = "Cards Lock";
			sourceTree = "<group>";
		};
		38867D6C1ACC718A00A5C148 /* Supporting Files */ = {
			isa = PBXGroup;
			children = (
				38867D6D1ACC718A00A5C148 /* Info.plist */,
				38867D6E1ACC718A00A5C148 /* main.m */,
			);
			name = "Supporting Files";
			sourceTree = "<group>";
		};
		38867D851ACC718A00A5C148 /* Cards LockTests */ = {
			isa = PBXGroup;
			children = (
				38867D881ACC718A00A5C148 /* Cards_LockTests.m */,
				38867D861ACC718A00A5C148 /* Supporting Files */,
			);
			path = "Cards LockTests";
			sourceTree = "<group>";
		};
		38867D861ACC718A00A5C148 /* Supporting Files */ = {
			isa = PBXGroup;
			children = (
				38867D871ACC718A00A5C148 /* Info.plist */,
			);
			name = "Supporting Files";
			sourceTree = "<group>";
		};
		38AAD6A71ADEE109000FDA76 /* Data */ = {
			isa = PBXGroup;
			children = (
				38AAD6BC1ADEE51F000FDA76 /* Macros */,
			);
			path = Data;
			sourceTree = "<group>";
		};
		38AAD6BC1ADEE51F000FDA76 /* Macros */ = {
			isa = PBXGroup;
			children = (
				38AAD6BB1ADEE4D4000FDA76 /* Macros.h */,
			);
			name = Macros;
			sourceTree = "<group>";
		};
		38AAD6BE1ADEE8DC000FDA76 /* VC */ = {
			isa = PBXGroup;
			children = (
				38C012E31ADB056A00D18317 /* LOCK SCREEN */,
			);
			name = VC;
			sourceTree = "<group>";
		};
		38AAD6C41ADEEFFE000FDA76 /* FONTS USED */ = {
			isa = PBXGroup;
			children = (
				38AAD6C51ADEEFFE000FDA76 /* Bellota-Bold.otf */,
				38AAD6C61ADEEFFE000FDA76 /* Bellota-Light.otf */,
				38AAD6C71ADEEFFE000FDA76 /* Bellota-Regular.otf */,
			);
			path = "FONTS USED";
			sourceTree = "<group>";
		};
		38C012E31ADB056A00D18317 /* LOCK SCREEN */ = {
			isa = PBXGroup;
			children = (
				38867D921ACC71FD00A5C148 /* LockScreenVC.h */,
				38867D931ACC71FD00A5C148 /* LockScreenVC.m */,
			);
			name = "LOCK SCREEN";
			sourceTree = "<group>";
		};
		38CCD22E1C44CBBE0021876A /* Frameworks */ = {
			isa = PBXGroup;
			children = (
				38AAD6A21ADEDDCB000FDA76 /* CoreImage.framework */,
				387C4C6E1ADAFBF700D94D7F /* AudioToolbox.framework */,
				38D75C791AED60EB00554640 /* MobileCoreServices.framework */,
				38D75C771AED60E500554640 /* CoreMedia.framework */,
				38D75C751AED60CF00554640 /* AVFoundation.framework */,
				38D75C731AED5C6500554640 /* Foundation.framework */,
				38D75C711AED5C6000554640 /* UIKit.framework */,
			);
			name = Frameworks;
			sourceTree = "<group>";
		};
		38CCD22F1C44D0D10021876A /* Storyboards */ = {
			isa = PBXGroup;
			children = (
				38867D761ACC718A00A5C148 /* Main.storyboard */,
			);
			name = Storyboards;
			path = "Cards Lock";
			sourceTree = "<group>";
		};
		38CCD2301C44D0EB0021876A /* Images Artwork */ = {
			isa = PBXGroup;
			children = (
				38867D791ACC718A00A5C148 /* Images.xcassets */,
			);
			name = "Images Artwork";
			path = "Cards Lock";
			sourceTree = "<group>";
		};
/* End PBXGroup section */

/* Begin PBXNativeTarget section */
		38867D681ACC718A00A5C148 /* Screen Lock */ = {
			isa = PBXNativeTarget;
			buildConfigurationList = 38867D8C1ACC718A00A5C148 /* Build configuration list for PBXNativeTarget "Screen Lock" */;
			buildPhases = (
				38867D651ACC718A00A5C148 /* Sources */,
				38867D661ACC718A00A5C148 /* Frameworks */,
				38867D671ACC718A00A5C148 /* Resources */,
			);
			buildRules = (
			);
			dependencies = (
			);
			name = "Screen Lock";
			productName = "Cards Lock";
			productReference = 38867D691ACC718A00A5C148 /* Screen Lock.app */;
			productType = "com.apple.product-type.application";
		};
/* End PBXNativeTarget section */

/* Begin PBXProject section */
		38867D611ACC718A00A5C148 /* Project object */ = {
			isa = PBXProject;
			attributes = {
				LastUpgradeCheck = 0720;
				ORGANIZATIONNAME = Abhi;
				TargetAttributes = {
					38867D681ACC718A00A5C148 = {
						CreatedOnToolsVersion = 6.1.1;
					};
				};
			};
			buildConfigurationList = 38867D641ACC718A00A5C148 /* Build configuration list for PBXProject "Screen Lock" */;
			compatibilityVersion = "Xcode 3.2";
			developmentRegion = English;
			hasScannedForEncodings = 0;
			knownRegions = (
				en,
				Base,
			);
			mainGroup = 38867D601ACC718A00A5C148;
			productRefGroup = 38867D6A1ACC718A00A5C148 /* Products */;
			projectDirPath = "";
			projectRoot = "";
			targets = (
				38867D681ACC718A00A5C148 /* Screen Lock */,
			);
		};
/* End PBXProject section */

/* Begin PBXResourcesBuildPhase section */
		38867D671ACC718A00A5C148 /* Resources */ = {
			isa = PBXResourcesBuildPhase;
			buildActionMask = 2147483647;
			files = (
				38AAD6C91ADEEFFE000FDA76 /* Bellota-Light.otf in Resources */,
				38AAD6C81ADEEFFE000FDA76 /* Bellota-Bold.otf in Resources */,
				38867D781ACC718A00A5C148 /* Main.storyboard in Resources */,
				38AAD6CA1ADEEFFE000FDA76 /* Bellota-Regular.otf in Resources */,
				38867D7D1ACC718A00A5C148 /* LaunchScreen.xib in Resources */,
				38867D7A1ACC718A00A5C148 /* Images.xcassets in Resources */,
			);
			runOnlyForDeploymentPostprocessing = 0;
		};
/* End PBXResourcesBuildPhase section */

/* Begin PBXSourcesBuildPhase section */
		38867D651ACC718A00A5C148 /* Sources */ = {
			isa = PBXSourcesBuildPhase;
			buildActionMask = 2147483647;
			files = (
				38867D721ACC718A00A5C148 /* AppDelegate.m in Sources */,
				38867D941ACC71FD00A5C148 /* LockScreenVC.m in Sources */,
				38867D6F1ACC718A00A5C148 /* main.m in Sources */,
			);
			runOnlyForDeploymentPostprocessing = 0;
		};
/* End PBXSourcesBuildPhase section */

/* Begin PBXVariantGroup section */
		38867D761ACC718A00A5C148 /* Main.storyboard */ = {
			isa = PBXVariantGroup;
			children = (
				38867D771ACC718A00A5C148 /* Base */,
			);
			name = Main.storyboard;
			sourceTree = "<group>";
		};
		38867D7B1ACC718A00A5C148 /* LaunchScreen.xib */ = {
			isa = PBXVariantGroup;
			children = (
				38867D7C1ACC718A00A5C148 /* Base */,
			);
			name = LaunchScreen.xib;
			sourceTree = "<group>";
		};
/* End PBXVariantGroup section */

/* Begin XCBuildConfiguration section */
		38867D8A1ACC718A00A5C148 /* Debug */ = {
			isa = XCBuildConfiguration;
			buildSettings = {
				ALWAYS_SEARCH_USER_PATHS = NO;
				CLANG_CXX_LANGUAGE_STANDARD = "gnu++0x";
				CLANG_CXX_LIBRARY = "libc++";
				CLANG_ENABLE_MODULES = YES;
				CLANG_ENABLE_OBJC_ARC = YES;
				CLANG_WARN_BOOL_CONVERSION = YES;
				CLANG_WARN_CONSTANT_CONVERSION = YES;
				CLANG_WARN_DIRECT_OBJC_ISA_USAGE = YES_ERROR;
				CLANG_WARN_EMPTY_BODY = YES;
				CLANG_WARN_ENUM_CONVERSION = YES;
				CLANG_WARN_INT_CONVERSION = YES;
				CLANG_WARN_OBJC_ROOT_CLASS = YES_ERROR;
				CLANG_WARN_UNREACHABLE_CODE = YES;
				CLANG_WARN__DUPLICATE_METHOD_MATCH = YES;
				CODE_SIGN_IDENTITY = "iPhone Developer: Gerard Sillam (V546BRT442)";
				"CODE_SIGN_IDENTITY[sdk=iphoneos*]" = "iPhone Developer: Gerard Sillam (V546BRT442)";
				COPY_PHASE_STRIP = NO;
				ENABLE_STRICT_OBJC_MSGSEND = YES;
				ENABLE_TESTABILITY = YES;
				GCC_C_LANGUAGE_STANDARD = gnu99;
				GCC_DYNAMIC_NO_PIC = NO;
				GCC_OPTIMIZATION_LEVEL = 0;
				GCC_PREPROCESSOR_DEFINITIONS = (
					"DEBUG=1",
					"$(inherited)",
				);
				GCC_SYMBOLS_PRIVATE_EXTERN = NO;
				GCC_WARN_64_TO_32_BIT_CONVERSION = YES;
				GCC_WARN_ABOUT_RETURN_TYPE = YES_ERROR;
				GCC_WARN_UNDECLARED_SELECTOR = YES;
				GCC_WARN_UNINITIALIZED_AUTOS = YES_AGGRESSIVE;
				GCC_WARN_UNUSED_FUNCTION = YES;
				GCC_WARN_UNUSED_VARIABLE = YES;
				IPHONEOS_DEPLOYMENT_TARGET = 7.1;
				MTL_ENABLE_DEBUG_INFO = YES;
				ONLY_ACTIVE_ARCH = YES;
				PROVISIONING_PROFILE = "794c9be4-20f5-43c5-918b-df5f0c914046";
				SDKROOT = iphoneos;
				TARGETED_DEVICE_FAMILY = "1,2";
			};
			name = Debug;
		};
		38867D8B1ACC718A00A5C148 /* Release */ = {
			isa = XCBuildConfiguration;
			buildSettings = {
				ALWAYS_SEARCH_USER_PATHS = NO;
				CLANG_CXX_LANGUAGE_STANDARD = "gnu++0x";
				CLANG_CXX_LIBRARY = "libc++";
				CLANG_ENABLE_MODULES = YES;
				CLANG_ENABLE_OBJC_ARC = YES;
				CLANG_WARN_BOOL_CONVERSION = YES;
				CLANG_WARN_CONSTANT_CONVERSION = YES;
				CLANG_WARN_DIRECT_OBJC_ISA_USAGE = YES_ERROR;
				CLANG_WARN_EMPTY_BODY = YES;
				CLANG_WARN_ENUM_CONVERSION = YES;
				CLANG_WARN_INT_CONVERSION = YES;
				CLANG_WARN_OBJC_ROOT_CLASS = YES_ERROR;
				CLANG_WARN_UNREACHABLE_CODE = YES;
				CLANG_WARN__DUPLICATE_METHOD_MATCH = YES;
				CODE_SIGN_IDENTITY = "iPhone Developer: Gerard Sillam (V546BRT442)";
				"CODE_SIGN_IDENTITY[sdk=iphoneos*]" = "iPhone Developer: Gerard Sillam (V546BRT442)";
				COPY_PHASE_STRIP = YES;
				ENABLE_NS_ASSERTIONS = NO;
				ENABLE_STRICT_OBJC_MSGSEND = YES;
				GCC_C_LANGUAGE_STANDARD = gnu99;
				GCC_WARN_64_TO_32_BIT_CONVERSION = YES;
				GCC_WARN_ABOUT_RETURN_TYPE = YES_ERROR;
				GCC_WARN_UNDECLARED_SELECTOR = YES;
				GCC_WARN_UNINITIALIZED_AUTOS = YES_AGGRESSIVE;
				GCC_WARN_UNUSED_FUNCTION = YES;
				GCC_WARN_UNUSED_VARIABLE = YES;
				IPHONEOS_DEPLOYMENT_TARGET = 7.1;
				MTL_ENABLE_DEBUG_INFO = NO;
				PROVISIONING_PROFILE = "794c9be4-20f5-43c5-918b-df5f0c914046";
				SDKROOT = iphoneos;
				TARGETED_DEVICE_FAMILY = "1,2";
				VALIDATE_PRODUCT = YES;
			};
			name = Release;
		};
		38867D8D1ACC718A00A5C148 /* Debug */ = {
			isa = XCBuildConfiguration;
			buildSettings = {
				ASSETCATALOG_COMPILER_APPICON_NAME = AppIcon;
				CODE_SIGN_IDENTITY = "iPhone Developer: Gerard Sillam (V546BRT442)";
				"CODE_SIGN_IDENTITY[sdk=iphoneos*]" = "iPhone Developer: Gerard Sillam (V546BRT442)";
				INFOPLIST_FILE = "Cards Lock/Info.plist";
				IPHONEOS_DEPLOYMENT_TARGET = 8.0;
				LD_RUNPATH_SEARCH_PATHS = "$(inherited) @executable_path/Frameworks";
				LIBRARY_SEARCH_PATHS = (
					"$(inherited)",
					"$(PROJECT_DIR)/CardIO",
				);
				OTHER_LDFLAGS = "-lc++";
				PRODUCT_BUNDLE_IDENTIFIER = com.develop.testonetwo;
				PRODUCT_NAME = "Screen Lock";
				PROVISIONING_PROFILE = "794c9be4-20f5-43c5-918b-df5f0c914046";
			};
			name = Debug;
		};
		38867D8E1ACC718A00A5C148 /* Release */ = {
			isa = XCBuildConfiguration;
			buildSettings = {
				ASSETCATALOG_COMPILER_APPICON_NAME = AppIcon;
				CODE_SIGN_IDENTITY = "iPhone Developer: Gerard Sillam (V546BRT442)";
				"CODE_SIGN_IDENTITY[sdk=iphoneos*]" = "iPhone Developer: Gerard Sillam (V546BRT442)";
				INFOPLIST_FILE = "Cards Lock/Info.plist";
				IPHONEOS_DEPLOYMENT_TARGET = 8.0;
				LD_RUNPATH_SEARCH_PATHS = "$(inherited) @executable_path/Frameworks";
				LIBRARY_SEARCH_PATHS = (
					"$(inherited)",
					"$(PROJECT_DIR)/CardIO",
				);
				OTHER_LDFLAGS = "-lc++";
				PRODUCT_BUNDLE_IDENTIFIER = com.develop.testonetwo;
				PRODUCT_NAME = "Screen Lock";
				PROVISIONING_PROFILE = "794c9be4-20f5-43c5-918b-df5f0c914046";
			};
			name = Release;
		};
/* End XCBuildConfiguration section */

/* Begin XCConfigurationList section */
		38867D641ACC718A00A5C148 /* Build configuration list for PBXProject "Screen Lock" */ = {
			isa = XCConfigurationList;
			buildConfigurations = (
				38867D8A1ACC718A00A5C148 /* Debug */,
				38867D8B1ACC718A00A5C148 /* Release */,
			);
			defaultConfigurationIsVisible = 0;
			defaultConfigurationName = Release;
		};
		38867D8C1ACC718A00A5C148 /* Build configuration list for PBXNativeTarget "Screen Lock" */ = {
			isa = XCConfigurationList;
			buildConfigurations = (
				38867D8D1ACC718A00A5C148 /* Debug */,
				38867D8E1ACC718A00A5C148 /* Release */,
			);
			defaultConfigurationIsVisible = 0;
			defaultConfigurationName = Release;
		};
/* End XCConfigurationList section */
	};
	rootObject = 38867D611ACC718A00A5C148 /* Project object */;
}
